
Microsoft Visual Studio Solution File, Format Version 12.00
# Visual Studio Version 17
VisualStudioVersion = 17.10.35004.147
MinimumVisualStudioVersion = 10.0.40219.1
Project("{FAE04EC0-301F-11D3-BF4B-00C04F79EFBC}") = "finalyearadmin", "finalyearadmin.csproj", "{1DE75D47-46DD-4D9C-86EE-85E62F7EB24A}"
EndProject
Global
	GlobalSection(SolutionConfigurationPlatforms) = preSolution
		Debug|Any CPU = Debug|Any CPU
		Release|Any CPU = Release|Any CPU
	EndGlobalSection
	GlobalSection(ProjectConfigurationPlatforms) = postSolution
		{1DE75D47-46DD-4D9C-86EE-85E62F7EB24A}.Debug|Any CPU.ActiveCfg = Debug|Any CPU
		{1DE75D47-46DD-4D9C-86EE-85E62F7EB24A}.Debug|Any CPU.Build.0 = Debug|Any CPU
		{1DE75D47-46DD-4D9C-86EE-85E62F7EB24A}.Release|Any CPU.ActiveCfg = Release|Any CPU
		{1DE75D47-46DD-4D9C-86EE-85E62F7EB24A}.Release|Any CPU.Build.0 = Release|Any CPU
	EndGlobalSection
	GlobalSection(SolutionProperties) = preSolution
		HideSolutionNode = FALSE
	EndGlobalSection
	GlobalSection(ExtensibilityGlobals) = postSolution
		SolutionGuid = {813C38F3-1397-4362-8F90-268539F3E482}
	EndGlobalSection
EndGlobal
